
Microsoft Visual Studio Solution File, Format Version 12.00
# Visual Studio Version 16
VisualStudioVersion = 16.0.30517.126
MinimumVisualStudioVersion = 10.0.40219.1
Project("{FAE04EC0-301F-11D3-BF4B-00C04F79EFBC}") = "GT", "GT\GT.csproj", "{FEF02A9E-B9E1-4D2A-ACCE-B8ABDA820AB0}"
EndProject
Project("{54435603-DBB4-11D2-8724-00A0C9A8B90C}") = "project", "C:\Users\AD\OneDrive\Desktop\nghiên cứu\project\project.vdproj", "{469BD308-2869-4A14-8F39-988A4AB97EA9}"
EndProject
Project("{54435603-DBB4-11D2-8724-00A0C9A8B90C}") = "Setup1", "C:\Users\AD\OneDrive\Desktop\nghiên cứu\Setup1\Setup1.vdproj", "{CD77FFA9-08BF-498E-A661-FE91FF51B818}"
EndProject
Global
	GlobalSection(SolutionConfigurationPlatforms) = preSolution
		Debug|Any CPU = Debug|Any CPU
		Release|Any CPU = Release|Any CPU
	EndGlobalSection
	GlobalSection(ProjectConfigurationPlatforms) = postSolution
		{FEF02A9E-B9E1-4D2A-ACCE-B8ABDA820AB0}.Debug|Any CPU.ActiveCfg = Debug|Any CPU
		{FEF02A9E-B9E1-4D2A-ACCE-B8ABDA820AB0}.Debug|Any CPU.Build.0 = Debug|Any CPU
		{FEF02A9E-B9E1-4D2A-ACCE-B8ABDA820AB0}.Release|Any CPU.ActiveCfg = Release|Any CPU
		{FEF02A9E-B9E1-4D2A-ACCE-B8ABDA820AB0}.Release|Any CPU.Build.0 = Release|Any CPU
		{469BD308-2869-4A14-8F39-988A4AB97EA9}.Debug|Any CPU.ActiveCfg = Debug
		{469BD308-2869-4A14-8F39-988A4AB97EA9}.Release|Any CPU.ActiveCfg = Release
		{CD77FFA9-08BF-498E-A661-FE91FF51B818}.Debug|Any CPU.ActiveCfg = Debug
		{CD77FFA9-08BF-498E-A661-FE91FF51B818}.Release|Any CPU.ActiveCfg = Release
	EndGlobalSection
	GlobalSection(SolutionProperties) = preSolution
		HideSolutionNode = FALSE
	EndGlobalSection
	GlobalSection(ExtensibilityGlobals) = postSolution
		SolutionGuid = {3FB0F22F-AA59-40E5-B588-94A960D0EC17}
	EndGlobalSection
EndGlobal
