
Microsoft Visual Studio Solution File, Format Version 12.00
# Visual Studio Version 16
VisualStudioVersion = 16.0.30503.244
MinimumVisualStudioVersion = 10.0.40219.1
Project("{FAE04EC0-301F-11D3-BF4B-00C04F79EFBC}") = "G-team", "G-team.csproj", "{0AD1632A-E17F-4EF0-8088-2B241E5E4031}"
EndProject
Global
	GlobalSection(SolutionConfigurationPlatforms) = preSolution
		Debug|Any CPU = Debug|Any CPU
		Release|Any CPU = Release|Any CPU
	EndGlobalSection
	GlobalSection(ProjectConfigurationPlatforms) = postSolution
		{0AD1632A-E17F-4EF0-8088-2B241E5E4031}.Debug|Any CPU.ActiveCfg = Debug|Any CPU
		{0AD1632A-E17F-4EF0-8088-2B241E5E4031}.Debug|Any CPU.Build.0 = Debug|Any CPU
		{0AD1632A-E17F-4EF0-8088-2B241E5E4031}.Release|Any CPU.ActiveCfg = Release|Any CPU
		{0AD1632A-E17F-4EF0-8088-2B241E5E4031}.Release|Any CPU.Build.0 = Release|Any CPU
	EndGlobalSection
	GlobalSection(SolutionProperties) = preSolution
		HideSolutionNode = FALSE
	EndGlobalSection
	GlobalSection(ExtensibilityGlobals) = postSolution
		SolutionGuid = {B83C2C12-9367-4B5F-82AD-20561B9B97CC}
	EndGlobalSection
EndGlobal
